
Microsoft Visual Studio Solution File, Format Version 12.00
# Visual Studio Version 16
VisualStudioVersion = 16.0.30413.136
MinimumVisualStudioVersion = 10.0.40219.1
Project("{FAE04EC0-301F-11D3-BF4B-00C04F79EFBC}") = "SisAdot", "SisAdot\SisAdot.csproj", "{5D13945A-69D8-448B-B12A-A7CAD2B51758}"
EndProject
Global
	GlobalSection(SolutionConfigurationPlatforms) = preSolution
		Debug|Any CPU = Debug|Any CPU
		Release|Any CPU = Release|Any CPU
	EndGlobalSection
	GlobalSection(ProjectConfigurationPlatforms) = postSolution
		{5D13945A-69D8-448B-B12A-A7CAD2B51758}.Debug|Any CPU.ActiveCfg = Debug|Any CPU
		{5D13945A-69D8-448B-B12A-A7CAD2B51758}.Debug|Any CPU.Build.0 = Debug|Any CPU
		{5D13945A-69D8-448B-B12A-A7CAD2B51758}.Release|Any CPU.ActiveCfg = Release|Any CPU
		{5D13945A-69D8-448B-B12A-A7CAD2B51758}.Release|Any CPU.Build.0 = Release|Any CPU
	EndGlobalSection
	GlobalSection(SolutionProperties) = preSolution
		HideSolutionNode = FALSE
	EndGlobalSection
	GlobalSection(ExtensibilityGlobals) = postSolution
		SolutionGuid = {C4C80279-8C36-4C2B-A1FE-01B5E25D6D9B}
	EndGlobalSection
EndGlobal
